// !$*UTF8*$!
{
	archiveVersion = 1;
	classes = {
	};
	objectVersion = 56;
	objects = {

/* Begin PBXBuildFile section */
		3123A1972B61417200FAF972 /* ForecastViewModel.swift in Sources */ = {isa = PBXBuildFile; fileRef = 3123A1962B61417100FAF972 /* ForecastViewModel.swift */; };
		3124C3612AF27B33005C3999 /* AirQualityParameters.swift in Sources */ = {isa = PBXBuildFile; fileRef = 3124C3602AF27B33005C3999 /* AirQualityParameters.swift */; };
		31365B3A2B692910006A8381 /* StatisticsViewModel.swift in Sources */ = {isa = PBXBuildFile; fileRef = 31365B392B692910006A8381 /* StatisticsViewModel.swift */; };
		31365B3C2B6A5E9B006A8381 /* AirQualityChartView.swift in Sources */ = {isa = PBXBuildFile; fileRef = 31365B3B2B6A5E9B006A8381 /* AirQualityChartView.swift */; };
		31365B3E2B6BB4FC006A8381 /* ObservableObject+Ext.swift in Sources */ = {isa = PBXBuildFile; fileRef = 31365B3D2B6BB4FC006A8381 /* ObservableObject+Ext.swift */; };
		3156F9552B71026300D71DE6 /* CurrentDataTests.swift in Sources */ = {isa = PBXBuildFile; fileRef = 3156F9542B71026300D71DE6 /* CurrentDataTests.swift */; };
		3156F9572B71111F00D71DE6 /* ProgressViewsTests.swift in Sources */ = {isa = PBXBuildFile; fileRef = 3156F9562B71111F00D71DE6 /* ProgressViewsTests.swift */; };
		318F45ED2B63D79E005916FC /* MoreInfoView.swift in Sources */ = {isa = PBXBuildFile; fileRef = 318F45EC2B63D79E005916FC /* MoreInfoView.swift */; };
		319CBBDD2B5EA4AA0084E8EC /* LocationSearchViewModel.swift in Sources */ = {isa = PBXBuildFile; fileRef = 319CBBDC2B5EA4AA0084E8EC /* LocationSearchViewModel.swift */; };
		31A82A0B2B4ED2BB0053425C /* MapView.swift in Sources */ = {isa = PBXBuildFile; fileRef = 31A82A0A2B4ED2BB0053425C /* MapView.swift */; };
		31A82A0F2B501C660053425C /* CurrentDataView.swift in Sources */ = {isa = PBXBuildFile; fileRef = 31A82A0E2B501C660053425C /* CurrentDataView.swift */; };
		31A82A112B501CD00053425C /* StatisticsView.swift in Sources */ = {isa = PBXBuildFile; fileRef = 31A82A102B501CD00053425C /* StatisticsView.swift */; };
		31A82A132B501CEB0053425C /* ForecastView.swift in Sources */ = {isa = PBXBuildFile; fileRef = 31A82A122B501CEB0053425C /* ForecastView.swift */; };
		31A82A152B501CFE0053425C /* SettingsView.swift in Sources */ = {isa = PBXBuildFile; fileRef = 31A82A142B501CFE0053425C /* SettingsView.swift */; };
		31A82A172B516CB70053425C /* CrescentProgressView.swift in Sources */ = {isa = PBXBuildFile; fileRef = 31A82A162B516CB70053425C /* CrescentProgressView.swift */; };
		31A82A192B55445C0053425C /* VerticalProgressView.swift in Sources */ = {isa = PBXBuildFile; fileRef = 31A82A182B55445B0053425C /* VerticalProgressView.swift */; };
		31BB90722B1C9886004F2B70 /* View+Extension.swift in Sources */ = {isa = PBXBuildFile; fileRef = 31BB90712B1C9886004F2B70 /* View+Extension.swift */; };
		31BB90742B1CB93E004F2B70 /* DetailedInfoView.swift in Sources */ = {isa = PBXBuildFile; fileRef = 31BB90732B1CB93E004F2B70 /* DetailedInfoView.swift */; };
		31D1E1BE2ADE9EB8007995DA /* AirGuardApp.swift in Sources */ = {isa = PBXBuildFile; fileRef = 31D1E1BD2ADE9EB8007995DA /* AirGuardApp.swift */; };
		31D1E1C02ADE9EB8007995DA /* ContentView.swift in Sources */ = {isa = PBXBuildFile; fileRef = 31D1E1BF2ADE9EB8007995DA /* ContentView.swift */; };
		31D1E1C22ADE9EBB007995DA /* Assets.xcassets in Resources */ = {isa = PBXBuildFile; fileRef = 31D1E1C12ADE9EBB007995DA /* Assets.xcassets */; };
		31D1E1C52ADE9EBC007995DA /* Preview Assets.xcassets in Resources */ = {isa = PBXBuildFile; fileRef = 31D1E1C42ADE9EBC007995DA /* Preview Assets.xcassets */; };
		31D1E1CF2ADE9EBC007995DA /* AirGuardTests.swift in Sources */ = {isa = PBXBuildFile; fileRef = 31D1E1CE2ADE9EBC007995DA /* AirGuardTests.swift */; };
		31D1E1D92ADE9EBC007995DA /* AirGuardUITests.swift in Sources */ = {isa = PBXBuildFile; fileRef = 31D1E1D82ADE9EBC007995DA /* AirGuardUITests.swift */; };
		31D1E1DB2ADE9EBC007995DA /* AirGuardUITestsLaunchTests.swift in Sources */ = {isa = PBXBuildFile; fileRef = 31D1E1DA2ADE9EBC007995DA /* AirGuardUITestsLaunchTests.swift */; };
		31D1E1E82ADE9FD7007995DA /* NetworkManager.swift in Sources */ = {isa = PBXBuildFile; fileRef = 31D1E1E72ADE9FD7007995DA /* NetworkManager.swift */; };
		31D1E1EA2ADE9FEA007995DA /* Constants.swift in Sources */ = {isa = PBXBuildFile; fileRef = 31D1E1E92ADE9FEA007995DA /* Constants.swift */; };
		31D1E1EC2ADEA068007995DA /* AGError.swift in Sources */ = {isa = PBXBuildFile; fileRef = 31D1E1EB2ADEA068007995DA /* AGError.swift */; };
		31D1E1EE2ADEA08A007995DA /* AirQualityData.swift in Sources */ = {isa = PBXBuildFile; fileRef = 31D1E1ED2ADEA08A007995DA /* AirQualityData.swift */; };
		31D1E1F02ADEAA54007995DA /* AirGuardLaunch.storyboard in Resources */ = {isa = PBXBuildFile; fileRef = 31D1E1EF2ADEAA54007995DA /* AirGuardLaunch.storyboard */; };
		31D1E1F22ADEB53D007995DA /* LocationManager.swift in Sources */ = {isa = PBXBuildFile; fileRef = 31D1E1F12ADEB53D007995DA /* LocationManager.swift */; };
		31D1E1F42ADEC193007995DA /* MapViewModel.swift in Sources */ = {isa = PBXBuildFile; fileRef = 31D1E1F32ADEC193007995DA /* MapViewModel.swift */; };
		31EA32902B57ED5A00EEF51F /* CurrentDataViewModel.swift in Sources */ = {isa = PBXBuildFile; fileRef = 31EA328F2B57ED5A00EEF51F /* CurrentDataViewModel.swift */; };
		31EA32942B58002900EEF51F /* LocationSearchView.swift in Sources */ = {isa = PBXBuildFile; fileRef = 31EA32932B58002900EEF51F /* LocationSearchView.swift */; };
/* End PBXBuildFile section */

/* Begin PBXContainerItemProxy section */
		31D1E1CB2ADE9EBC007995DA /* PBXContainerItemProxy */ = {
			isa = PBXContainerItemProxy;
			containerPortal = 31D1E1B22ADE9EB8007995DA /* Project object */;
			proxyType = 1;
			remoteGlobalIDString = 31D1E1B92ADE9EB8007995DA;
			remoteInfo = AirGuard;
		};
		31D1E1D52ADE9EBC007995DA /* PBXContainerItemProxy */ = {
			isa = PBXContainerItemProxy;
			containerPortal = 31D1E1B22ADE9EB8007995DA /* Project object */;
			proxyType = 1;
			remoteGlobalIDString = 31D1E1B92ADE9EB8007995DA;
			remoteInfo = AirGuard;
		};
/* End PBXContainerItemProxy section */

/* Begin PBXFileReference section */
		3123A1962B61417100FAF972 /* ForecastViewModel.swift */ = {isa = PBXFileReference; lastKnownFileType = sourcecode.swift; path = ForecastViewModel.swift; sourceTree = "<group>"; };
		3124C3602AF27B33005C3999 /* AirQualityParameters.swift */ = {isa = PBXFileReference; lastKnownFileType = sourcecode.swift; path = AirQualityParameters.swift; sourceTree = "<group>"; };
		31365B392B692910006A8381 /* StatisticsViewModel.swift */ = {isa = PBXFileReference; lastKnownFileType = sourcecode.swift; path = StatisticsViewModel.swift; sourceTree = "<group>"; };
		31365B3B2B6A5E9B006A8381 /* AirQualityChartView.swift */ = {isa = PBXFileReference; lastKnownFileType = sourcecode.swift; path = AirQualityChartView.swift; sourceTree = "<group>"; };
		31365B3D2B6BB4FC006A8381 /* ObservableObject+Ext.swift */ = {isa = PBXFileReference; lastKnownFileType = sourcecode.swift; path = "ObservableObject+Ext.swift"; sourceTree = "<group>"; };
		3156F9542B71026300D71DE6 /* CurrentDataTests.swift */ = {isa = PBXFileReference; lastKnownFileType = sourcecode.swift; path = CurrentDataTests.swift; sourceTree = "<group>"; };
		3156F9562B71111F00D71DE6 /* ProgressViewsTests.swift */ = {isa = PBXFileReference; lastKnownFileType = sourcecode.swift; path = ProgressViewsTests.swift; sourceTree = "<group>"; };
		318F45EC2B63D79E005916FC /* MoreInfoView.swift */ = {isa = PBXFileReference; lastKnownFileType = sourcecode.swift; path = MoreInfoView.swift; sourceTree = "<group>"; };
		319CBBDC2B5EA4AA0084E8EC /* LocationSearchViewModel.swift */ = {isa = PBXFileReference; lastKnownFileType = sourcecode.swift; path = LocationSearchViewModel.swift; sourceTree = "<group>"; };
		31A82A0A2B4ED2BB0053425C /* MapView.swift */ = {isa = PBXFileReference; lastKnownFileType = sourcecode.swift; path = MapView.swift; sourceTree = "<group>"; };
		31A82A0E2B501C660053425C /* CurrentDataView.swift */ = {isa = PBXFileReference; lastKnownFileType = sourcecode.swift; path = CurrentDataView.swift; sourceTree = "<group>"; };
		31A82A102B501CD00053425C /* StatisticsView.swift */ = {isa = PBXFileReference; lastKnownFileType = sourcecode.swift; path = StatisticsView.swift; sourceTree = "<group>"; };
		31A82A122B501CEB0053425C /* ForecastView.swift */ = {isa = PBXFileReference; lastKnownFileType = sourcecode.swift; path = ForecastView.swift; sourceTree = "<group>"; };
		31A82A142B501CFE0053425C /* SettingsView.swift */ = {isa = PBXFileReference; lastKnownFileType = sourcecode.swift; path = SettingsView.swift; sourceTree = "<group>"; };
		31A82A162B516CB70053425C /* CrescentProgressView.swift */ = {isa = PBXFileReference; lastKnownFileType = sourcecode.swift; path = CrescentProgressView.swift; sourceTree = "<group>"; };
		31A82A182B55445B0053425C /* VerticalProgressView.swift */ = {isa = PBXFileReference; lastKnownFileType = sourcecode.swift; path = VerticalProgressView.swift; sourceTree = "<group>"; };
		31BB90712B1C9886004F2B70 /* View+Extension.swift */ = {isa = PBXFileReference; lastKnownFileType = sourcecode.swift; path = "View+Extension.swift"; sourceTree = "<group>"; };
		31BB90732B1CB93E004F2B70 /* DetailedInfoView.swift */ = {isa = PBXFileReference; lastKnownFileType = sourcecode.swift; path = DetailedInfoView.swift; sourceTree = "<group>"; };
		31D1E1BA2ADE9EB8007995DA /* AirGuard.app */ = {isa = PBXFileReference; explicitFileType = wrapper.application; includeInIndex = 0; path = AirGuard.app; sourceTree = BUILT_PRODUCTS_DIR; };
		31D1E1BD2ADE9EB8007995DA /* AirGuardApp.swift */ = {isa = PBXFileReference; lastKnownFileType = sourcecode.swift; path = AirGuardApp.swift; sourceTree = "<group>"; };
		31D1E1BF2ADE9EB8007995DA /* ContentView.swift */ = {isa = PBXFileReference; lastKnownFileType = sourcecode.swift; path = ContentView.swift; sourceTree = "<group>"; };
		31D1E1C12ADE9EBB007995DA /* Assets.xcassets */ = {isa = PBXFileReference; lastKnownFileType = folder.assetcatalog; path = Assets.xcassets; sourceTree = "<group>"; };
		31D1E1C42ADE9EBC007995DA /* Preview Assets.xcassets */ = {isa = PBXFileReference; lastKnownFileType = folder.assetcatalog; path = "Preview Assets.xcassets"; sourceTree = "<group>"; };
		31D1E1CA2ADE9EBC007995DA /* AirGuardTests.xctest */ = {isa = PBXFileReference; explicitFileType = wrapper.cfbundle; includeInIndex = 0; path = AirGuardTests.xctest; sourceTree = BUILT_PRODUCTS_DIR; };
		31D1E1CE2ADE9EBC007995DA /* AirGuardTests.swift */ = {isa = PBXFileReference; lastKnownFileType = sourcecode.swift; path = AirGuardTests.swift; sourceTree = "<group>"; };
		31D1E1D42ADE9EBC007995DA /* AirGuardUITests.xctest */ = {isa = PBXFileReference; explicitFileType = wrapper.cfbundle; includeInIndex = 0; path = AirGuardUITests.xctest; sourceTree = BUILT_PRODUCTS_DIR; };
		31D1E1D82ADE9EBC007995DA /* AirGuardUITests.swift */ = {isa = PBXFileReference; lastKnownFileType = sourcecode.swift; path = AirGuardUITests.swift; sourceTree = "<group>"; };
		31D1E1DA2ADE9EBC007995DA /* AirGuardUITestsLaunchTests.swift */ = {isa = PBXFileReference; lastKnownFileType = sourcecode.swift; path = AirGuardUITestsLaunchTests.swift; sourceTree = "<group>"; };
		31D1E1E72ADE9FD7007995DA /* NetworkManager.swift */ = {isa = PBXFileReference; lastKnownFileType = sourcecode.swift; path = NetworkManager.swift; sourceTree = "<group>"; };
		31D1E1E92ADE9FEA007995DA /* Constants.swift */ = {isa = PBXFileReference; lastKnownFileType = sourcecode.swift; path = Constants.swift; sourceTree = "<group>"; };
		31D1E1EB2ADEA068007995DA /* AGError.swift */ = {isa = PBXFileReference; lastKnownFileType = sourcecode.swift; path = AGError.swift; sourceTree = "<group>"; };
		31D1E1ED2ADEA08A007995DA /* AirQualityData.swift */ = {isa = PBXFileReference; lastKnownFileType = sourcecode.swift; path = AirQualityData.swift; sourceTree = "<group>"; };
		31D1E1EF2ADEAA54007995DA /* AirGuardLaunch.storyboard */ = {isa = PBXFileReference; lastKnownFileType = file.storyboard; path = AirGuardLaunch.storyboard; sourceTree = "<group>"; };
		31D1E1F12ADEB53D007995DA /* LocationManager.swift */ = {isa = PBXFileReference; lastKnownFileType = sourcecode.swift; path = LocationManager.swift; sourceTree = "<group>"; };
		31D1E1F32ADEC193007995DA /* MapViewModel.swift */ = {isa = PBXFileReference; lastKnownFileType = sourcecode.swift; path = MapViewModel.swift; sourceTree = "<group>"; };
		31EA328F2B57ED5A00EEF51F /* CurrentDataViewModel.swift */ = {isa = PBXFileReference; lastKnownFileType = sourcecode.swift; path = CurrentDataViewModel.swift; sourceTree = "<group>"; };
		31EA32932B58002900EEF51F /* LocationSearchView.swift */ = {isa = PBXFileReference; lastKnownFileType = sourcecode.swift; path = LocationSearchView.swift; sourceTree = "<group>"; };
/* End PBXFileReference section */

/* Begin PBXFrameworksBuildPhase section */
		31D1E1B72ADE9EB8007995DA /* Frameworks */ = {
			isa = PBXFrameworksBuildPhase;
			buildActionMask = 2147483647;
			files = (
			);
			runOnlyForDeploymentPostprocessing = 0;
		};
		31D1E1C72ADE9EBC007995DA /* Frameworks */ = {
			isa = PBXFrameworksBuildPhase;
			buildActionMask = 2147483647;
			files = (
			);
			runOnlyForDeploymentPostprocessing = 0;
		};
		31D1E1D12ADE9EBC007995DA /* Frameworks */ = {
			isa = PBXFrameworksBuildPhase;
			buildActionMask = 2147483647;
			files = (
			);
			runOnlyForDeploymentPostprocessing = 0;
		};
/* End PBXFrameworksBuildPhase section */

/* Begin PBXGroup section */
		31D1E1B12ADE9EB8007995DA = {
			isa = PBXGroup;
			children = (
				31D1E1EF2ADEAA54007995DA /* AirGuardLaunch.storyboard */,
				31D1E1BC2ADE9EB8007995DA /* AirGuard */,
				31D1E1CD2ADE9EBC007995DA /* AirGuardTests */,
				31D1E1D72ADE9EBC007995DA /* AirGuardUITests */,
				31D1E1BB2ADE9EB8007995DA /* Products */,
			);
			sourceTree = "<group>";
		};
		31D1E1BB2ADE9EB8007995DA /* Products */ = {
			isa = PBXGroup;
			children = (
				31D1E1BA2ADE9EB8007995DA /* AirGuard.app */,
				31D1E1CA2ADE9EBC007995DA /* AirGuardTests.xctest */,
				31D1E1D42ADE9EBC007995DA /* AirGuardUITests.xctest */,
			);
			name = Products;
			sourceTree = "<group>";
		};
		31D1E1BC2ADE9EB8007995DA /* AirGuard */ = {
			isa = PBXGroup;
			children = (
				31A82A0E2B501C660053425C /* CurrentDataView.swift */,
				31A82A162B516CB70053425C /* CrescentProgressView.swift */,
				31A82A182B55445B0053425C /* VerticalProgressView.swift */,
				31D1E1F32ADEC193007995DA /* MapViewModel.swift */,
				31BB90732B1CB93E004F2B70 /* DetailedInfoView.swift */,
				31A82A0A2B4ED2BB0053425C /* MapView.swift */,
				31D1E1E72ADE9FD7007995DA /* NetworkManager.swift */,
				31D1E1F12ADEB53D007995DA /* LocationManager.swift */,
				31D1E1BD2ADE9EB8007995DA /* AirGuardApp.swift */,
				31D1E1BF2ADE9EB8007995DA /* ContentView.swift */,
				31D1E1C12ADE9EBB007995DA /* Assets.xcassets */,
				31D1E1C32ADE9EBC007995DA /* Preview Content */,
				31D1E1E92ADE9FEA007995DA /* Constants.swift */,
				31D1E1EB2ADEA068007995DA /* AGError.swift */,
				31D1E1ED2ADEA08A007995DA /* AirQualityData.swift */,
				3124C3602AF27B33005C3999 /* AirQualityParameters.swift */,
				31BB90712B1C9886004F2B70 /* View+Extension.swift */,
				31A82A102B501CD00053425C /* StatisticsView.swift */,
				31A82A122B501CEB0053425C /* ForecastView.swift */,
				31A82A142B501CFE0053425C /* SettingsView.swift */,
				31EA328F2B57ED5A00EEF51F /* CurrentDataViewModel.swift */,
				31EA32932B58002900EEF51F /* LocationSearchView.swift */,
				319CBBDC2B5EA4AA0084E8EC /* LocationSearchViewModel.swift */,
				3123A1962B61417100FAF972 /* ForecastViewModel.swift */,
				318F45EC2B63D79E005916FC /* MoreInfoView.swift */,
				31365B392B692910006A8381 /* StatisticsViewModel.swift */,
				31365B3B2B6A5E9B006A8381 /* AirQualityChartView.swift */,
				31365B3D2B6BB4FC006A8381 /* ObservableObject+Ext.swift */,
			);
			path = AirGuard;
			sourceTree = "<group>";
		};
		31D1E1C32ADE9EBC007995DA /* Preview Content */ = {
			isa = PBXGroup;
			children = (
				31D1E1C42ADE9EBC007995DA /* Preview Assets.xcassets */,
			);
			path = "Preview Content";
			sourceTree = "<group>";
		};
		31D1E1CD2ADE9EBC007995DA /* AirGuardTests */ = {
			isa = PBXGroup;
			children = (
				31D1E1CE2ADE9EBC007995DA /* AirGuardTests.swift */,
				3156F9542B71026300D71DE6 /* CurrentDataTests.swift */,
				3156F9562B71111F00D71DE6 /* ProgressViewsTests.swift */,
			);
			path = AirGuardTests;
			sourceTree = "<group>";
		};
		31D1E1D72ADE9EBC007995DA /* AirGuardUITests */ = {
			isa = PBXGroup;
			children = (
				31D1E1D82ADE9EBC007995DA /* AirGuardUITests.swift */,
				31D1E1DA2ADE9EBC007995DA /* AirGuardUITestsLaunchTests.swift */,
			);
			path = AirGuardUITests;
			sourceTree = "<group>";
		};
/* End PBXGroup section */

/* Begin PBXNativeTarget section */
		31D1E1B92ADE9EB8007995DA /* AirGuard */ = {
			isa = PBXNativeTarget;
			buildConfigurationList = 31D1E1DE2ADE9EBD007995DA /* Build configuration list for PBXNativeTarget "AirGuard" */;
			buildPhases = (
				31D1E1B62ADE9EB8007995DA /* Sources */,
				31D1E1B72ADE9EB8007995DA /* Frameworks */,
				31D1E1B82ADE9EB8007995DA /* Resources */,
			);
			buildRules = (
			);
			dependencies = (
			);
			name = AirGuard;
			productName = AirGuard;
			productReference = 31D1E1BA2ADE9EB8007995DA /* AirGuard.app */;
			productType = "com.apple.product-type.application";
		};
		31D1E1C92ADE9EBC007995DA /* AirGuardTests */ = {
			isa = PBXNativeTarget;
			buildConfigurationList = 31D1E1E12ADE9EBD007995DA /* Build configuration list for PBXNativeTarget "AirGuardTests" */;
			buildPhases = (
				31D1E1C62ADE9EBC007995DA /* Sources */,
				31D1E1C72ADE9EBC007995DA /* Frameworks */,
				31D1E1C82ADE9EBC007995DA /* Resources */,
			);
			buildRules = (
			);
			dependencies = (
				31D1E1CC2ADE9EBC007995DA /* PBXTargetDependency */,
			);
			name = AirGuardTests;
			productName = AirGuardTests;
			productReference = 31D1E1CA2ADE9EBC007995DA /* AirGuardTests.xctest */;
			productType = "com.apple.product-type.bundle.unit-test";
		};
		31D1E1D32ADE9EBC007995DA /* AirGuardUITests */ = {
			isa = PBXNativeTarget;
			buildConfigurationList = 31D1E1E42ADE9EBD007995DA /* Build configuration list for PBXNativeTarget "AirGuardUITests" */;
			buildPhases = (
				31D1E1D02ADE9EBC007995DA /* Sources */,
				31D1E1D12ADE9EBC007995DA /* Frameworks */,
				31D1E1D22ADE9EBC007995DA /* Resources */,
			);
			buildRules = (
			);
			dependencies = (
				31D1E1D62ADE9EBC007995DA /* PBXTargetDependency */,
			);
			name = AirGuardUITests;
			productName = AirGuardUITests;
			productReference = 31D1E1D42ADE9EBC007995DA /* AirGuardUITests.xctest */;
			productType = "com.apple.product-type.bundle.ui-testing";
		};
/* End PBXNativeTarget section */

/* Begin PBXProject section */
		31D1E1B22ADE9EB8007995DA /* Project object */ = {
			isa = PBXProject;
			attributes = {
				BuildIndependentTargetsInParallel = 1;
				LastSwiftUpdateCheck = 1500;
				LastUpgradeCheck = 1500;
				TargetAttributes = {
					31D1E1B92ADE9EB8007995DA = {
						CreatedOnToolsVersion = 15.0;
					};
					31D1E1C92ADE9EBC007995DA = {
						CreatedOnToolsVersion = 15.0;
						TestTargetID = 31D1E1B92ADE9EB8007995DA;
					};
					31D1E1D32ADE9EBC007995DA = {
						CreatedOnToolsVersion = 15.0;
						TestTargetID = 31D1E1B92ADE9EB8007995DA;
					};
				};
			};
			buildConfigurationList = 31D1E1B52ADE9EB8007995DA /* Build configuration list for PBXProject "AirGuard" */;
			compatibilityVersion = "Xcode 14.0";
			developmentRegion = en;
			hasScannedForEncodings = 0;
			knownRegions = (
				en,
				Base,
			);
			mainGroup = 31D1E1B12ADE9EB8007995DA;
			productRefGroup = 31D1E1BB2ADE9EB8007995DA /* Products */;
			projectDirPath = "";
			projectRoot = "";
			targets = (
				31D1E1B92ADE9EB8007995DA /* AirGuard */,
				31D1E1C92ADE9EBC007995DA /* AirGuardTests */,
				31D1E1D32ADE9EBC007995DA /* AirGuardUITests */,
			);
		};
/* End PBXProject section */

/* Begin PBXResourcesBuildPhase section */
		31D1E1B82ADE9EB8007995DA /* Resources */ = {
			isa = PBXResourcesBuildPhase;
			buildActionMask = 2147483647;
			files = (
				31D1E1F02ADEAA54007995DA /* AirGuardLaunch.storyboard in Resources */,
				31D1E1C52ADE9EBC007995DA /* Preview Assets.xcassets in Resources */,
				31D1E1C22ADE9EBB007995DA /* Assets.xcassets in Resources */,
			);
			runOnlyForDeploymentPostprocessing = 0;
		};
		31D1E1C82ADE9EBC007995DA /* Resources */ = {
			isa = PBXResourcesBuildPhase;
			buildActionMask = 2147483647;
			files = (
			);
			runOnlyForDeploymentPostprocessing = 0;
		};
		31D1E1D22ADE9EBC007995DA /* Resources */ = {
			isa = PBXResourcesBuildPhase;
			buildActionMask = 2147483647;
			files = (
			);
			runOnlyForDeploymentPostprocessing = 0;
		};
/* End PBXResourcesBuildPhase section */

/* Begin PBXSourcesBuildPhase section */
		31D1E1B62ADE9EB8007995DA /* Sources */ = {
			isa = PBXSourcesBuildPhase;
			buildActionMask = 2147483647;
			files = (
				31D1E1F42ADEC193007995DA /* MapViewModel.swift in Sources */,
				31A82A0B2B4ED2BB0053425C /* MapView.swift in Sources */,
				31D1E1EE2ADEA08A007995DA /* AirQualityData.swift in Sources */,
				31A82A192B55445C0053425C /* VerticalProgressView.swift in Sources */,
				31A82A112B501CD00053425C /* StatisticsView.swift in Sources */,
				319CBBDD2B5EA4AA0084E8EC /* LocationSearchViewModel.swift in Sources */,
				31BB90722B1C9886004F2B70 /* View+Extension.swift in Sources */,
				31D1E1E82ADE9FD7007995DA /* NetworkManager.swift in Sources */,
				31BB90742B1CB93E004F2B70 /* DetailedInfoView.swift in Sources */,
				31365B3E2B6BB4FC006A8381 /* ObservableObject+Ext.swift in Sources */,
				31D1E1C02ADE9EB8007995DA /* ContentView.swift in Sources */,
				3124C3612AF27B33005C3999 /* AirQualityParameters.swift in Sources */,
				31365B3A2B692910006A8381 /* StatisticsViewModel.swift in Sources */,
				31A82A152B501CFE0053425C /* SettingsView.swift in Sources */,
				31D1E1F22ADEB53D007995DA /* LocationManager.swift in Sources */,
				31A82A0F2B501C660053425C /* CurrentDataView.swift in Sources */,
				31A82A132B501CEB0053425C /* ForecastView.swift in Sources */,
				31D1E1EC2ADEA068007995DA /* AGError.swift in Sources */,
				31A82A172B516CB70053425C /* CrescentProgressView.swift in Sources */,
				3123A1972B61417200FAF972 /* ForecastViewModel.swift in Sources */,
				31D1E1BE2ADE9EB8007995DA /* AirGuardApp.swift in Sources */,
				31EA32902B57ED5A00EEF51F /* CurrentDataViewModel.swift in Sources */,
				31EA32942B58002900EEF51F /* LocationSearchView.swift in Sources */,
				318F45ED2B63D79E005916FC /* MoreInfoView.swift in Sources */,
				31D1E1EA2ADE9FEA007995DA /* Constants.swift in Sources */,
				31365B3C2B6A5E9B006A8381 /* AirQualityChartView.swift in Sources */,
			);
			runOnlyForDeploymentPostprocessing = 0;
		};
		31D1E1C62ADE9EBC007995DA /* Sources */ = {
			isa = PBXSourcesBuildPhase;
			buildActionMask = 2147483647;
			files = (
				31D1E1CF2ADE9EBC007995DA /* AirGuardTests.swift in Sources */,
				3156F9572B71111F00D71DE6 /* ProgressViewsTests.swift in Sources */,
				3156F9552B71026300D71DE6 /* CurrentDataTests.swift in Sources */,
			);
			runOnlyForDeploymentPostprocessing = 0;
		};
		31D1E1D02ADE9EBC007995DA /* Sources */ = {
			isa = PBXSourcesBuildPhase;
			buildActionMask = 2147483647;
			files = (
				31D1E1DB2ADE9EBC007995DA /* AirGuardUITestsLaunchTests.swift in Sources */,
				31D1E1D92ADE9EBC007995DA /* AirGuardUITests.swift in Sources */,
			);
			runOnlyForDeploymentPostprocessing = 0;
		};
/* End PBXSourcesBuildPhase section */

/* Begin PBXTargetDependency section */
		31D1E1CC2ADE9EBC007995DA /* PBXTargetDependency */ = {
			isa = PBXTargetDependency;
			target = 31D1E1B92ADE9EB8007995DA /* AirGuard */;
			targetProxy = 31D1E1CB2ADE9EBC007995DA /* PBXContainerItemProxy */;
		};
		31D1E1D62ADE9EBC007995DA /* PBXTargetDependency */ = {
			isa = PBXTargetDependency;
			target = 31D1E1B92ADE9EB8007995DA /* AirGuard */;
			targetProxy = 31D1E1D52ADE9EBC007995DA /* PBXContainerItemProxy */;
		};
/* End PBXTargetDependency section */

/* Begin XCBuildConfiguration section */
		31D1E1DC2ADE9EBD007995DA /* Debug */ = {
			isa = XCBuildConfiguration;
			buildSettings = {
				ALWAYS_SEARCH_USER_PATHS = NO;
				ASSETCATALOG_COMPILER_GENERATE_SWIFT_ASSET_SYMBOL_EXTENSIONS = YES;
				CLANG_ANALYZER_NONNULL = YES;
				CLANG_ANALYZER_NUMBER_OBJECT_CONVERSION = YES_AGGRESSIVE;
				CLANG_CXX_LANGUAGE_STANDARD = "gnu++20";
				CLANG_ENABLE_MODULES = YES;
				CLANG_ENABLE_OBJC_ARC = YES;
				CLANG_ENABLE_OBJC_WEAK = YES;
				CLANG_WARN_BLOCK_CAPTURE_AUTORELEASING = YES;
				CLANG_WARN_BOOL_CONVERSION = YES;
				CLANG_WARN_COMMA = YES;
				CLANG_WARN_CONSTANT_CONVERSION = YES;
				CLANG_WARN_DEPRECATED_OBJC_IMPLEMENTATIONS = YES;
				CLANG_WARN_DIRECT_OBJC_ISA_USAGE = YES_ERROR;
				CLANG_WARN_DOCUMENTATION_COMMENTS = YES;
				CLANG_WARN_EMPTY_BODY = YES;
				CLANG_WARN_ENUM_CONVERSION = YES;
				CLANG_WARN_INFINITE_RECURSION = YES;
				CLANG_WARN_INT_CONVERSION = YES;
				CLANG_WARN_NON_LITERAL_NULL_CONVERSION = YES;
				CLANG_WARN_OBJC_IMPLICIT_RETAIN_SELF = YES;
				CLANG_WARN_OBJC_LITERAL_CONVERSION = YES;
				CLANG_WARN_OBJC_ROOT_CLASS = YES_ERROR;
				CLANG_WARN_QUOTED_INCLUDE_IN_FRAMEWORK_HEADER = YES;
				CLANG_WARN_RANGE_LOOP_ANALYSIS = YES;
				CLANG_WARN_STRICT_PROTOTYPES = YES;
				CLANG_WARN_SUSPICIOUS_MOVE = YES;
				CLANG_WARN_UNGUARDED_AVAILABILITY = YES_AGGRESSIVE;
				CLANG_WARN_UNREACHABLE_CODE = YES;
				CLANG_WARN__DUPLICATE_METHOD_MATCH = YES;
				COPY_PHASE_STRIP = NO;
				DEBUG_INFORMATION_FORMAT = dwarf;
				ENABLE_STRICT_OBJC_MSGSEND = YES;
				ENABLE_TESTABILITY = YES;
				ENABLE_USER_SCRIPT_SANDBOXING = YES;
				GCC_C_LANGUAGE_STANDARD = gnu17;
				GCC_DYNAMIC_NO_PIC = NO;
				GCC_NO_COMMON_BLOCKS = YES;
				GCC_OPTIMIZATION_LEVEL = 0;
				GCC_PREPROCESSOR_DEFINITIONS = (
					"DEBUG=1",
					"$(inherited)",
				);
				GCC_WARN_64_TO_32_BIT_CONVERSION = YES;
				GCC_WARN_ABOUT_RETURN_TYPE = YES_ERROR;
				GCC_WARN_UNDECLARED_SELECTOR = YES;
				GCC_WARN_UNINITIALIZED_AUTOS = YES_AGGRESSIVE;
				GCC_WARN_UNUSED_FUNCTION = YES;
				GCC_WARN_UNUSED_VARIABLE = YES;
				IPHONEOS_DEPLOYMENT_TARGET = 16.0;
				LOCALIZATION_PREFERS_STRING_CATALOGS = YES;
				MTL_ENABLE_DEBUG_INFO = INCLUDE_SOURCE;
				MTL_FAST_MATH = YES;
				ONLY_ACTIVE_ARCH = YES;
				SDKROOT = iphoneos;
				SWIFT_ACTIVE_COMPILATION_CONDITIONS = "DEBUG $(inherited)";
				SWIFT_OPTIMIZATION_LEVEL = "-Onone";
			};
			name = Debug;
		};
		31D1E1DD2ADE9EBD007995DA /* Release */ = {
			isa = XCBuildConfiguration;
			buildSettings = {
				ALWAYS_SEARCH_USER_PATHS = NO;
				ASSETCATALOG_COMPILER_GENERATE_SWIFT_ASSET_SYMBOL_EXTENSIONS = YES;
				CLANG_ANALYZER_NONNULL = YES;
				CLANG_ANALYZER_NUMBER_OBJECT_CONVERSION = YES_AGGRESSIVE;
				CLANG_CXX_LANGUAGE_STANDARD = "gnu++20";
				CLANG_ENABLE_MODULES = YES;
				CLANG_ENABLE_OBJC_ARC = YES;
				CLANG_ENABLE_OBJC_WEAK = YES;
				CLANG_WARN_BLOCK_CAPTURE_AUTORELEASING = YES;
				CLANG_WARN_BOOL_CONVERSION = YES;
				CLANG_WARN_COMMA = YES;
				CLANG_WARN_CONSTANT_CONVERSION = YES;
				CLANG_WARN_DEPRECATED_OBJC_IMPLEMENTATIONS = YES;
				CLANG_WARN_DIRECT_OBJC_ISA_USAGE = YES_ERROR;
				CLANG_WARN_DOCUMENTATION_COMMENTS = YES;
				CLANG_WARN_EMPTY_BODY = YES;
				CLANG_WARN_ENUM_CONVERSION = YES;
				CLANG_WARN_INFINITE_RECURSION = YES;
				CLANG_WARN_INT_CONVERSION = YES;
				CLANG_WARN_NON_LITERAL_NULL_CONVERSION = YES;
				CLANG_WARN_OBJC_IMPLICIT_RETAIN_SELF = YES;
				CLANG_WARN_OBJC_LITERAL_CONVERSION = YES;
				CLANG_WARN_OBJC_ROOT_CLASS = YES_ERROR;
				CLANG_WARN_QUOTED_INCLUDE_IN_FRAMEWORK_HEADER = YES;
				CLANG_WARN_RANGE_LOOP_ANALYSIS = YES;
				CLANG_WARN_STRICT_PROTOTYPES = YES;
				CLANG_WARN_SUSPICIOUS_MOVE = YES;
				CLANG_WARN_UNGUARDED_AVAILABILITY = YES_AGGRESSIVE;
				CLANG_WARN_UNREACHABLE_CODE = YES;
				CLANG_WARN__DUPLICATE_METHOD_MATCH = YES;
				COPY_PHASE_STRIP = NO;
				DEBUG_INFORMATION_FORMAT = "dwarf-with-dsym";
				ENABLE_NS_ASSERTIONS = NO;
				ENABLE_STRICT_OBJC_MSGSEND = YES;
				ENABLE_USER_SCRIPT_SANDBOXING = YES;
				GCC_C_LANGUAGE_STANDARD = gnu17;
				GCC_NO_COMMON_BLOCKS = YES;
				GCC_WARN_64_TO_32_BIT_CONVERSION = YES;
				GCC_WARN_ABOUT_RETURN_TYPE = YES_ERROR;
				GCC_WARN_UNDECLARED_SELECTOR = YES;
				GCC_WARN_UNINITIALIZED_AUTOS = YES_AGGRESSIVE;
				GCC_WARN_UNUSED_FUNCTION = YES;
				GCC_WARN_UNUSED_VARIABLE = YES;
				IPHONEOS_DEPLOYMENT_TARGET = 16.0;
				LOCALIZATION_PREFERS_STRING_CATALOGS = YES;
				MTL_ENABLE_DEBUG_INFO = NO;
				MTL_FAST_MATH = YES;
				SDKROOT = iphoneos;
				SWIFT_COMPILATION_MODE = wholemodule;
				VALIDATE_PRODUCT = YES;
			};
			name = Release;
		};
		31D1E1DF2ADE9EBD007995DA /* Debug */ = {
			isa = XCBuildConfiguration;
			buildSettings = {
				ASSETCATALOG_COMPILER_APPICON_NAME = AppIcon;
				ASSETCATALOG_COMPILER_GLOBAL_ACCENT_COLOR_NAME = AccentColor;
				CODE_SIGN_STYLE = Automatic;
				CURRENT_PROJECT_VERSION = 1;
				DEVELOPMENT_ASSET_PATHS = "\"AirGuard/Preview Content\"";
				DEVELOPMENT_TEAM = 24Z8S48QJ2;
				ENABLE_PREVIEWS = YES;
				GENERATE_INFOPLIST_FILE = YES;
				INFOPLIST_KEY_NSLocationWhenInUseUsageDescription = "AirGuard использует местоположение для определения качества воздуха в вашем регионе.";
				INFOPLIST_KEY_UIApplicationSceneManifest_Generation = YES;
				INFOPLIST_KEY_UIApplicationSupportsIndirectInputEvents = YES;
				INFOPLIST_KEY_UILaunchScreen_Generation = YES;
				INFOPLIST_KEY_UILaunchStoryboardName = AirGuardLaunch.storyboard;
				INFOPLIST_KEY_UISupportedInterfaceOrientations_iPad = "UIInterfaceOrientationPortrait UIInterfaceOrientationPortraitUpsideDown UIInterfaceOrientationLandscapeLeft UIInterfaceOrientationLandscapeRight";
				INFOPLIST_KEY_UISupportedInterfaceOrientations_iPhone = "UIInterfaceOrientationPortrait UIInterfaceOrientationLandscapeLeft UIInterfaceOrientationLandscapeRight";
				IPHONEOS_DEPLOYMENT_TARGET = 16.0;
				LD_RUNPATH_SEARCH_PATHS = (
					"$(inherited)",
					"@executable_path/Frameworks",
				);
				MARKETING_VERSION = 1.0;
				PRODUCT_BUNDLE_IDENTIFIER = com.milabochkova.AirGuard;
				PRODUCT_NAME = "$(TARGET_NAME)";
				SWIFT_EMIT_LOC_STRINGS = YES;
				SWIFT_VERSION = 5.0;
				TARGETED_DEVICE_FAMILY = "1,2";
			};
			name = Debug;
		};
		31D1E1E02ADE9EBD007995DA /* Release */ = {
			isa = XCBuildConfiguration;
			buildSettings = {
				ASSETCATALOG_COMPILER_APPICON_NAME = AppIcon;
				ASSETCATALOG_COMPILER_GLOBAL_ACCENT_COLOR_NAME = AccentColor;
				CODE_SIGN_STYLE = Automatic;
				CURRENT_PROJECT_VERSION = 1;
				DEVELOPMENT_ASSET_PATHS = "\"AirGuard/Preview Content\"";
				DEVELOPMENT_TEAM = 24Z8S48QJ2;
				ENABLE_PREVIEWS = YES;
				GENERATE_INFOPLIST_FILE = YES;
				INFOPLIST_KEY_NSLocationWhenInUseUsageDescription = "AirGuard использует местоположение для определения качества воздуха в вашем регионе.";
				INFOPLIST_KEY_UIApplicationSceneManifest_Generation = YES;
				INFOPLIST_KEY_UIApplicationSupportsIndirectInputEvents = YES;
				INFOPLIST_KEY_UILaunchScreen_Generation = YES;
				INFOPLIST_KEY_UILaunchStoryboardName = AirGuardLaunch.storyboard;
				INFOPLIST_KEY_UISupportedInterfaceOrientations_iPad = "UIInterfaceOrientationPortrait UIInterfaceOrientationPortraitUpsideDown UIInterfaceOrientationLandscapeLeft UIInterfaceOrientationLandscapeRight";
				INFOPLIST_KEY_UISupportedInterfaceOrientations_iPhone = "UIInterfaceOrientationPortrait UIInterfaceOrientationLandscapeLeft UIInterfaceOrientationLandscapeRight";
				IPHONEOS_DEPLOYMENT_TARGET = 16.0;
				LD_RUNPATH_SEARCH_PATHS = (
					"$(inherited)",
					"@executable_path/Frameworks",
				);
				MARKETING_VERSION = 1.0;
				PRODUCT_BUNDLE_IDENTIFIER = com.milabochkova.AirGuard;
				PRODUCT_NAME = "$(TARGET_NAME)";
				SWIFT_EMIT_LOC_STRINGS = YES;
				SWIFT_VERSION = 5.0;
				TARGETED_DEVICE_FAMILY = "1,2";
			};
			name = Release;
		};
		31D1E1E22ADE9EBD007995DA /* Debug */ = {
			isa = XCBuildConfiguration;
			buildSettings = {
				ALWAYS_EMBED_SWIFT_STANDARD_LIBRARIES = YES;
				BUNDLE_LOADER = "$(TEST_HOST)";
				CODE_SIGN_STYLE = Automatic;
				CURRENT_PROJECT_VERSION = 1;
				DEVELOPMENT_TEAM = 24Z8S48QJ2;
				GENERATE_INFOPLIST_FILE = YES;
				IPHONEOS_DEPLOYMENT_TARGET = 17.0;
				MARKETING_VERSION = 1.0;
				PRODUCT_BUNDLE_IDENTIFIER = com.milabochkova.AirGuardTests;
				PRODUCT_NAME = "$(TARGET_NAME)";
				SWIFT_EMIT_LOC_STRINGS = NO;
				SWIFT_VERSION = 5.0;
				TARGETED_DEVICE_FAMILY = "1,2";
				TEST_HOST = "$(BUILT_PRODUCTS_DIR)/AirGuard.app/$(BUNDLE_EXECUTABLE_FOLDER_PATH)/AirGuard";
			};
			name = Debug;
		};
		31D1E1E32ADE9EBD007995DA /* Release */ = {
			isa = XCBuildConfiguration;
			buildSettings = {
				ALWAYS_EMBED_SWIFT_STANDARD_LIBRARIES = YES;
				BUNDLE_LOADER = "$(TEST_HOST)";
				CODE_SIGN_STYLE = Automatic;
				CURRENT_PROJECT_VERSION = 1;
				DEVELOPMENT_TEAM = 24Z8S48QJ2;
				GENERATE_INFOPLIST_FILE = YES;
				IPHONEOS_DEPLOYMENT_TARGET = 17.0;
				MARKETING_VERSION = 1.0;
				PRODUCT_BUNDLE_IDENTIFIER = com.milabochkova.AirGuardTests;
				PRODUCT_NAME = "$(TARGET_NAME)";
				SWIFT_EMIT_LOC_STRINGS = NO;
				SWIFT_VERSION = 5.0;
				TARGETED_DEVICE_FAMILY = "1,2";
				TEST_HOST = "$(BUILT_PRODUCTS_DIR)/AirGuard.app/$(BUNDLE_EXECUTABLE_FOLDER_PATH)/AirGuard";
			};
			name = Release;
		};
		31D1E1E52ADE9EBD007995DA /* Debug */ = {
			isa = XCBuildConfiguration;
			buildSettings = {
				ALWAYS_EMBED_SWIFT_STANDARD_LIBRARIES = YES;
				CODE_SIGN_STYLE = Automatic;
				CURRENT_PROJECT_VERSION = 1;
				DEVELOPMENT_TEAM = 24Z8S48QJ2;
				GENERATE_INFOPLIST_FILE = YES;
				MARKETING_VERSION = 1.0;
				PRODUCT_BUNDLE_IDENTIFIER = com.milabochkova.AirGuardUITests;
				PRODUCT_NAME = "$(TARGET_NAME)";
				SWIFT_EMIT_LOC_STRINGS = NO;
				SWIFT_VERSION = 5.0;
				TARGETED_DEVICE_FAMILY = "1,2";
				TEST_TARGET_NAME = AirGuard;
			};
			name = Debug;
		};
		31D1E1E62ADE9EBD007995DA /* Release */ = {
			isa = XCBuildConfiguration;
			buildSettings = {
				ALWAYS_EMBED_SWIFT_STANDARD_LIBRARIES = YES;
				CODE_SIGN_STYLE = Automatic;
				CURRENT_PROJECT_VERSION = 1;
				DEVELOPMENT_TEAM = 24Z8S48QJ2;
				GENERATE_INFOPLIST_FILE = YES;
				MARKETING_VERSION = 1.0;
				PRODUCT_BUNDLE_IDENTIFIER = com.milabochkova.AirGuardUITests;
				PRODUCT_NAME = "$(TARGET_NAME)";
				SWIFT_EMIT_LOC_STRINGS = NO;
				SWIFT_VERSION = 5.0;
				TARGETED_DEVICE_FAMILY = "1,2";
				TEST_TARGET_NAME = AirGuard;
			};
			name = Release;
		};
/* End XCBuildConfiguration section */

/* Begin XCConfigurationList section */
		31D1E1B52ADE9EB8007995DA /* Build configuration list for PBXProject "AirGuard" */ = {
			isa = XCConfigurationList;
			buildConfigurations = (
				31D1E1DC2ADE9EBD007995DA /* Debug */,
				31D1E1DD2ADE9EBD007995DA /* Release */,
			);
			defaultConfigurationIsVisible = 0;
			defaultConfigurationName = Release;
		};
		31D1E1DE2ADE9EBD007995DA /* Build configuration list for PBXNativeTarget "AirGuard" */ = {
			isa = XCConfigurationList;
			buildConfigurations = (
				31D1E1DF2ADE9EBD007995DA /* Debug */,
				31D1E1E02ADE9EBD007995DA /* Release */,
			);
			defaultConfigurationIsVisible = 0;
			defaultConfigurationName = Release;
		};
		31D1E1E12ADE9EBD007995DA /* Build configuration list for PBXNativeTarget "AirGuardTests" */ = {
			isa = XCConfigurationList;
			buildConfigurations = (
				31D1E1E22ADE9EBD007995DA /* Debug */,
				31D1E1E32ADE9EBD007995DA /* Release */,
			);
			defaultConfigurationIsVisible = 0;
			defaultConfigurationName = Release;
		};
		31D1E1E42ADE9EBD007995DA /* Build configuration list for PBXNativeTarget "AirGuardUITests" */ = {
			isa = XCConfigurationList;
			buildConfigurations = (
				31D1E1E52ADE9EBD007995DA /* Debug */,
				31D1E1E62ADE9EBD007995DA /* Release */,
			);
			defaultConfigurationIsVisible = 0;
			defaultConfigurationName = Release;
		};
/* End XCConfigurationList section */
	};
	rootObject = 31D1E1B22ADE9EB8007995DA /* Project object */;
}
